
Microsoft Visual Studio Solution File, Format Version 12.00
# Visual Studio 15
VisualStudioVersion = 15.0.27004.2008
MinimumVisualStudioVersion = 10.0.40219.1
Project("{FAE04EC0-301F-11D3-BF4B-00C04F79EFBC}") = "KinectSample", "KinectSample\KinectSample.csproj", "{456650C9-1B6F-4E02-92A9-CF93EC3D4369}"
EndProject
Global
	GlobalSection(SolutionConfigurationPlatforms) = preSolution
		Debug|ARM = Debug|ARM
		Debug|x64 = Debug|x64
		Debug|x86 = Debug|x86
		Release|ARM = Release|ARM
		Release|x64 = Release|x64
		Release|x86 = Release|x86
	EndGlobalSection
	GlobalSection(ProjectConfigurationPlatforms) = postSolution
		{456650C9-1B6F-4E02-92A9-CF93EC3D4369}.Debug|ARM.ActiveCfg = Debug|ARM
		{456650C9-1B6F-4E02-92A9-CF93EC3D4369}.Debug|ARM.Build.0 = Debug|ARM
		{456650C9-1B6F-4E02-92A9-CF93EC3D4369}.Debug|ARM.Deploy.0 = Debug|ARM
		{456650C9-1B6F-4E02-92A9-CF93EC3D4369}.Debug|x64.ActiveCfg = Debug|x64
		{456650C9-1B6F-4E02-92A9-CF93EC3D4369}.Debug|x64.Build.0 = Debug|x64
		{456650C9-1B6F-4E02-92A9-CF93EC3D4369}.Debug|x64.Deploy.0 = Debug|x64
		{456650C9-1B6F-4E02-92A9-CF93EC3D4369}.Debug|x86.ActiveCfg = Debug|x86
		{456650C9-1B6F-4E02-92A9-CF93EC3D4369}.Debug|x86.Build.0 = Debug|x86
		{456650C9-1B6F-4E02-92A9-CF93EC3D4369}.Debug|x86.Deploy.0 = Debug|x86
		{456650C9-1B6F-4E02-92A9-CF93EC3D4369}.Release|ARM.ActiveCfg = Release|ARM
		{456650C9-1B6F-4E02-92A9-CF93EC3D4369}.Release|ARM.Build.0 = Release|ARM
		{456650C9-1B6F-4E02-92A9-CF93EC3D4369}.Release|ARM.Deploy.0 = Release|ARM
		{456650C9-1B6F-4E02-92A9-CF93EC3D4369}.Release|x64.ActiveCfg = Release|x64
		{456650C9-1B6F-4E02-92A9-CF93EC3D4369}.Release|x64.Build.0 = Release|x64
		{456650C9-1B6F-4E02-92A9-CF93EC3D4369}.Release|x64.Deploy.0 = Release|x64
		{456650C9-1B6F-4E02-92A9-CF93EC3D4369}.Release|x86.ActiveCfg = Release|x86
		{456650C9-1B6F-4E02-92A9-CF93EC3D4369}.Release|x86.Build.0 = Release|x86
		{456650C9-1B6F-4E02-92A9-CF93EC3D4369}.Release|x86.Deploy.0 = Release|x86
	EndGlobalSection
	GlobalSection(SolutionProperties) = preSolution
		HideSolutionNode = FALSE
	EndGlobalSection
	GlobalSection(ExtensibilityGlobals) = postSolution
		SolutionGuid = {B4A5A7C5-AA95-425D-95BA-B572FE20C5E1}
	EndGlobalSection
EndGlobal
